
Microsoft Visual Studio Solution File, Format Version 12.00
# Visual Studio Version 17
VisualStudioVersion = 17.8.34525.116
MinimumVisualStudioVersion = 10.0.40219.1
Project("{9A19103F-16F7-4668-BE54-9A1E7A4F7556}") = "MusteritUygulamasi", "MusteritUygulamasi\MusteritUygulamasi.csproj", "{6AEEA15B-80E5-4DD9-9A83-7480D4B98350}"
EndProject
Project("{2150E333-8FDC-42A3-9474-1A3956D46DE8}") = "Solution Items", "Solution Items", "{57C156FD-DA2F-4007-92C0-6C406DA97977}"
	ProjectSection(SolutionItems) = preProject
		.editorconfig = .editorconfig
	EndProjectSection
EndProject
Global
	GlobalSection(SolutionConfigurationPlatforms) = preSolution
		Debug|Any CPU = Debug|Any CPU
		Release|Any CPU = Release|Any CPU
	EndGlobalSection
	GlobalSection(ProjectConfigurationPlatforms) = postSolution
		{6AEEA15B-80E5-4DD9-9A83-7480D4B98350}.Debug|Any CPU.ActiveCfg = Debug|Any CPU
		{6AEEA15B-80E5-4DD9-9A83-7480D4B98350}.Debug|Any CPU.Build.0 = Debug|Any CPU
		{6AEEA15B-80E5-4DD9-9A83-7480D4B98350}.Release|Any CPU.ActiveCfg = Release|Any CPU
		{6AEEA15B-80E5-4DD9-9A83-7480D4B98350}.Release|Any CPU.Build.0 = Release|Any CPU
	EndGlobalSection
	GlobalSection(SolutionProperties) = preSolution
		HideSolutionNode = FALSE
	EndGlobalSection
	GlobalSection(ExtensibilityGlobals) = postSolution
		SolutionGuid = {65044684-787D-4999-869C-5C02862C1F76}
	EndGlobalSection
EndGlobal
